
Microsoft Visual Studio Solution File, Format Version 11.00
# Visual Studio 2010
Project("{FAE04EC0-301F-11D3-BF4B-00C04F79EFBC}") = "Sitecore.SharedSource.ShellWax", "Sitecore.SharedSource.ShellWax\Sitecore.SharedSource.ShellWax.csproj", "{95193B2F-5DF7-4D86-9582-F135B003C6A7}"
EndProject
Project("{FAE04EC0-301F-11D3-BF4B-00C04F79EFBC}") = "Sitecore.SharedSource.ShellWax.Web", "Website\Sitecore.SharedSource.ShellWax.Web.csproj", "{B7F70D80-151F-4BAA-8448-0227E9FDB355}"
EndProject
Global
	GlobalSection(SolutionConfigurationPlatforms) = preSolution
		Debug|Any CPU = Debug|Any CPU
		Release|Any CPU = Release|Any CPU
	EndGlobalSection
	GlobalSection(ProjectConfigurationPlatforms) = postSolution
		{95193B2F-5DF7-4D86-9582-F135B003C6A7}.Debug|Any CPU.ActiveCfg = Debug|Any CPU
		{95193B2F-5DF7-4D86-9582-F135B003C6A7}.Debug|Any CPU.Build.0 = Debug|Any CPU
		{95193B2F-5DF7-4D86-9582-F135B003C6A7}.Release|Any CPU.ActiveCfg = Release|Any CPU
		{95193B2F-5DF7-4D86-9582-F135B003C6A7}.Release|Any CPU.Build.0 = Release|Any CPU
		{B7F70D80-151F-4BAA-8448-0227E9FDB355}.Debug|Any CPU.ActiveCfg = Debug|Any CPU
		{B7F70D80-151F-4BAA-8448-0227E9FDB355}.Debug|Any CPU.Build.0 = Debug|Any CPU
		{B7F70D80-151F-4BAA-8448-0227E9FDB355}.Release|Any CPU.ActiveCfg = Release|Any CPU
		{B7F70D80-151F-4BAA-8448-0227E9FDB355}.Release|Any CPU.Build.0 = Release|Any CPU
	EndGlobalSection
	GlobalSection(SolutionProperties) = preSolution
		HideSolutionNode = FALSE
	EndGlobalSection
EndGlobal
